{
    "_readme": [
        "This file locks the dependencies of your project to a known state",
        "Read more about it at http://getcomposer.org/doc/01-basic-usage.md#composer-lock-the-lock-file"
    ],
    "hash": "5203c431e5e1b00addff0a6c801378ba",
    "packages": [
        {
            "name": "symfony/http-foundation",
            "version": "v2.1.11",
            "target-dir": "Symfony/Component/HttpFoundation",
            "source": {
                "type": "git",
                "url": "https://github.com/symfony/HttpFoundation.git",
                "reference": "v2.1.11"
            },
            "dist": {
                "type": "zip",
                "url": "https://api.github.com/repos/symfony/HttpFoundation/zipball/v2.1.11",
                "reference": "v2.1.11",
                "shasum": ""
            },
            "require": {
                "php": ">=5.3.3"
            },
            "type": "library",
            "autoload": {
                "psr-0": {
                    "Symfony\\Component\\HttpFoundation": "",
                    "SessionHandlerInterface": "Symfony/Component/HttpFoundation/Resources/stubs"
                }
            },
            "notification-url": "https://packagist.org/downloads/",
            "license": [
                "MIT"
            ],
            "authors": [
                {
                    "name": "Fabien Potencier",
                    "email": "fabien@symfony.com"
                },
                {
                    "name": "Symfony Community",
                    "homepage": "http://symfony.com/contributors"
                }
            ],
            "description": "Symfony HttpFoundation Component",
            "homepage": "http://symfony.com",
            "time": "2013-05-26 18:42:07"
        },
        {
            "name": "symfony/routing",
            "version": "v2.1.11",
            "target-dir": "Symfony/Component/Routing",
            "source": {
                "type": "git",
                "url": "https://github.com/symfony/Routing.git",
                "reference": "v2.1.11"
            },
            "dist": {
                "type": "zip",
                "url": "https://api.github.com/repos/symfony/Routing/zipball/v2.1.11",
                "reference": "v2.1.11",
                "shasum": ""
            },
            "require": {
                "php": ">=5.3.3"
            },
            "require-dev": {
                "doctrine/common": ">=2.2,<3.0",
                "symfony/config": "2.1.*",
                "symfony/http-kernel": "2.1.*",
                "symfony/yaml": "2.1.*"
            },
            "suggest": {
                "doctrine/common": "~2.2",
                "symfony/config": "2.1.*",
                "symfony/yaml": "2.1.*"
            },
            "type": "library",
            "autoload": {
                "psr-0": {
                    "Symfony\\Component\\Routing": ""
                }
            },
            "notification-url": "https://packagist.org/downloads/",
            "license": [
                "MIT"
            ],
            "authors": [
                {
                    "name": "Fabien Potencier",
                    "email": "fabien@symfony.com"
                },
                {
                    "name": "Symfony Community",
                    "homepage": "http://symfony.com/contributors"
                }
            ],
            "description": "Symfony Routing Component",
            "homepage": "http://symfony.com",
            "time": "2013-05-06 10:48:41"
        }
    ],
    "packages-dev": [
        {
            "name": "jeremykendall/phpctagger",
            "version": "dev-master",
            "source": {
                "type": "git",
                "url": "https://github.com/jeremykendall/phpctagger.git",
                "reference": "0.0.7"
            },
            "dist": {
                "type": "zip",
                "url": "https://api.github.com/repos/jeremykendall/phpctagger/zipball/0.0.7",
                "reference": "0.0.7",
                "shasum": ""
            },
            "require": {
                "php": ">=5.3.10"
            },
            "require-dev": {
                "behat/mink": "1.4@stable",
                "behat/mink-sahi-driver": "*@stable",
                "behat/mink-zombie-driver": "*@stable",
                "composer/composer": "1.0.x-dev"
            },
            "type": "library",
            "autoload": {
                "psr-0": {
                    "PhpCtagger\\": "library/"
                }
            },
            "notification-url": "https://packagist.org/downloads/",
            "license": [
                "MIT"
            ],
            "authors": [
                {
                    "name": "Jeremy Kendall",
                    "homepage": "http://about.me/jeremykendall",
                    "role": "Developer"
                }
            ],
            "description": "Creates ctags for composer projects",
            "keywords": [
                "composer",
                "ctags",
                "exuberant ctags",
                "php",
                "vim"
            ],
            "time": "2013-01-17 14:34:23"
        }
    ],
    "aliases": [

    ],
    "minimum-stability": "stable",
    "stability-flags": {
        "jeremykendall/phpctagger": 20
    },
    "platform": [

    ],
    "platform-dev": [

    ]
}
